
Microsoft Visual Studio Solution File, Format Version 12.00
# Visual Studio Version 17
VisualStudioVersion = 17.11.35222.181
MinimumVisualStudioVersion = 10.0.40219.1
Project("{FAE04EC0-301F-11D3-BF4B-00C04F79EFBC}") = "BusinesObjects", "BusinesObjects\BusinesObjects.csproj", "{269A4BBF-F279-4454-AD2A-402127933BC1}"
EndProject
Project("{FAE04EC0-301F-11D3-BF4B-00C04F79EFBC}") = "MovieWebAPI", "MovieWebAPI\MovieWebAPI.csproj", "{01BCA239-81B5-47FD-8B64-A9E63CFED4F0}"
EndProject
Global
	GlobalSection(SolutionConfigurationPlatforms) = preSolution
		Debug|Any CPU = Debug|Any CPU
		Release|Any CPU = Release|Any CPU
	EndGlobalSection
	GlobalSection(ProjectConfigurationPlatforms) = postSolution
		{269A4BBF-F279-4454-AD2A-402127933BC1}.Debug|Any CPU.ActiveCfg = Debug|Any CPU
		{269A4BBF-F279-4454-AD2A-402127933BC1}.Debug|Any CPU.Build.0 = Debug|Any CPU
		{269A4BBF-F279-4454-AD2A-402127933BC1}.Release|Any CPU.ActiveCfg = Release|Any CPU
		{269A4BBF-F279-4454-AD2A-402127933BC1}.Release|Any CPU.Build.0 = Release|Any CPU
		{01BCA239-81B5-47FD-8B64-A9E63CFED4F0}.Debug|Any CPU.ActiveCfg = Debug|Any CPU
		{01BCA239-81B5-47FD-8B64-A9E63CFED4F0}.Debug|Any CPU.Build.0 = Debug|Any CPU
		{01BCA239-81B5-47FD-8B64-A9E63CFED4F0}.Release|Any CPU.ActiveCfg = Release|Any CPU
		{01BCA239-81B5-47FD-8B64-A9E63CFED4F0}.Release|Any CPU.Build.0 = Release|Any CPU
	EndGlobalSection
	GlobalSection(SolutionProperties) = preSolution
		HideSolutionNode = FALSE
	EndGlobalSection
	GlobalSection(ExtensibilityGlobals) = postSolution
		SolutionGuid = {B7BEF2CA-3152-4C91-A185-42F499C0DE8A}
	EndGlobalSection
EndGlobal
